
Microsoft Visual Studio Solution File, Format Version 12.00
# Visual Studio Version 17
VisualStudioVersion = 17.8.34322.80
MinimumVisualStudioVersion = 10.0.40219.1
Project("{2150E333-8FDC-42A3-9474-1A3956D46DE8}") = "src", "src", "{B6F59683-5519-468E-8D8D-A961B56ADF8F}"
EndProject
Project("{2150E333-8FDC-42A3-9474-1A3956D46DE8}") = "Api", "Api", "{C4365453-F8CD-4B60-A180-CC32BD36E08A}"
EndProject
Project("{2150E333-8FDC-42A3-9474-1A3956D46DE8}") = "Clients", "Clients", "{219D5C9B-B224-407D-874A-AB878F1BD9A3}"
EndProject
Project("{2150E333-8FDC-42A3-9474-1A3956D46DE8}") = "Common", "Common", "{F75F5D96-6C87-4666-85E5-F2AB1763895D}"
EndProject
Project("{2150E333-8FDC-42A3-9474-1A3956D46DE8}") = "Projections", "Projections", "{FA5DA268-A934-4250-BEF2-3BE9812B54F6}"
EndProject
Project("{2150E333-8FDC-42A3-9474-1A3956D46DE8}") = "Core", "Core", "{73379C44-B659-411D-A6E3-D8A5853AADDD}"
EndProject
Project("{2150E333-8FDC-42A3-9474-1A3956D46DE8}") = "Infrastructure", "Infrastructure", "{040F9BCB-D518-4E96-B06F-3FF90A5CF5E3}"
EndProject
Project("{2150E333-8FDC-42A3-9474-1A3956D46DE8}") = "WebApi", "WebApi", "{E8542439-3242-4901-880F-C2E991434126}"
EndProject
Project("{2150E333-8FDC-42A3-9474-1A3956D46DE8}") = "BlazorWeb", "BlazorWeb", "{D09B3C4C-CA8E-4DCC-8949-C6CE816B7D6A}"
EndProject
Project("{FAE04EC0-301F-11D3-BF4B-00C04F79EFBC}") = "BlazorSozluk.Common", "src\Common\BlazorSozluk.Common\BlazorSozluk.Common.csproj", "{893F7994-396A-4E5B-A0AF-AF42D488E223}"
EndProject
Project("{FAE04EC0-301F-11D3-BF4B-00C04F79EFBC}") = "BlazorSozluk.Api.Domain", "src\Api\Core\BlazorSozluk.Api.Domain\BlazorSozluk.Api.Domain.csproj", "{AD7BFE95-9F1D-4724-B6D7-16F43ADAADAA}"
EndProject
Project("{FAE04EC0-301F-11D3-BF4B-00C04F79EFBC}") = "BlazorSozluk.Api.Application", "src\Api\Core\BlazorSozluk.Api.Application\BlazorSozluk.Api.Application.csproj", "{8864860F-9F1E-4144-99A8-4745D54387E0}"
EndProject
Project("{FAE04EC0-301F-11D3-BF4B-00C04F79EFBC}") = "BlazorSozluk.Infrastructure.Persistence", "src\Api\Infrastructure\BlazorSozluk.Infrastructure.Persistence\BlazorSozluk.Infrastructure.Persistence.csproj", "{DFD8ADC6-B78D-4274-9532-03170ADDEE58}"
EndProject
Project("{FAE04EC0-301F-11D3-BF4B-00C04F79EFBC}") = "BlazorSozluk.Api.WebApi", "src\Api\WebApi\BlazorSozluk.Api.WebApi\BlazorSozluk.Api.WebApi.csproj", "{9DA1F62C-57A7-4C22-BB0F-ABA8BAB96292}"
EndProject
Project("{FAE04EC0-301F-11D3-BF4B-00C04F79EFBC}") = "BlazorSozluk.Projections.FavoriteService", "src\Projections\BlazorSozluk.Projections.FavoriteService\BlazorSozluk.Projections.FavoriteService.csproj", "{3C7F1AD9-50E7-4B3E-AC98-E7D349D8AB7F}"
EndProject
Project("{FAE04EC0-301F-11D3-BF4B-00C04F79EFBC}") = "BlazorSozluk.Projections.UserService", "src\Projections\BlazorSozluk.Projections.User\BlazorSozluk.Projections.UserService.csproj", "{4290084A-6113-4C1E-BFB6-2E0BE2FB7539}"
EndProject
Project("{FAE04EC0-301F-11D3-BF4B-00C04F79EFBC}") = "BlazorSozluk.Projections.VoteService", "src\Projections\BlazorSozluk.Projections.VoteService\BlazorSozluk.Projections.VoteService.csproj", "{913682A5-DE7E-4F2A-8517-EB3B16DAF9D9}"
EndProject
Project("{FAE04EC0-301F-11D3-BF4B-00C04F79EFBC}") = "BlazorSozluk.WebApp", "src\Clients\BlazorWeb\BlazorSozluk.WebApp\BlazorSozluk.WebApp.csproj", "{1F097DC7-80E7-4D35-8E99-BCFA2B7DE169}"
EndProject
Global
	GlobalSection(SolutionConfigurationPlatforms) = preSolution
		Debug|Any CPU = Debug|Any CPU
		Release|Any CPU = Release|Any CPU
	EndGlobalSection
	GlobalSection(ProjectConfigurationPlatforms) = postSolution
		{893F7994-396A-4E5B-A0AF-AF42D488E223}.Debug|Any CPU.ActiveCfg = Debug|Any CPU
		{893F7994-396A-4E5B-A0AF-AF42D488E223}.Debug|Any CPU.Build.0 = Debug|Any CPU
		{893F7994-396A-4E5B-A0AF-AF42D488E223}.Release|Any CPU.ActiveCfg = Release|Any CPU
		{893F7994-396A-4E5B-A0AF-AF42D488E223}.Release|Any CPU.Build.0 = Release|Any CPU
		{AD7BFE95-9F1D-4724-B6D7-16F43ADAADAA}.Debug|Any CPU.ActiveCfg = Debug|Any CPU
		{AD7BFE95-9F1D-4724-B6D7-16F43ADAADAA}.Debug|Any CPU.Build.0 = Debug|Any CPU
		{AD7BFE95-9F1D-4724-B6D7-16F43ADAADAA}.Release|Any CPU.ActiveCfg = Release|Any CPU
		{AD7BFE95-9F1D-4724-B6D7-16F43ADAADAA}.Release|Any CPU.Build.0 = Release|Any CPU
		{8864860F-9F1E-4144-99A8-4745D54387E0}.Debug|Any CPU.ActiveCfg = Debug|Any CPU
		{8864860F-9F1E-4144-99A8-4745D54387E0}.Debug|Any CPU.Build.0 = Debug|Any CPU
		{8864860F-9F1E-4144-99A8-4745D54387E0}.Release|Any CPU.ActiveCfg = Release|Any CPU
		{8864860F-9F1E-4144-99A8-4745D54387E0}.Release|Any CPU.Build.0 = Release|Any CPU
		{DFD8ADC6-B78D-4274-9532-03170ADDEE58}.Debug|Any CPU.ActiveCfg = Debug|Any CPU
		{DFD8ADC6-B78D-4274-9532-03170ADDEE58}.Debug|Any CPU.Build.0 = Debug|Any CPU
		{DFD8ADC6-B78D-4274-9532-03170ADDEE58}.Release|Any CPU.ActiveCfg = Release|Any CPU
		{DFD8ADC6-B78D-4274-9532-03170ADDEE58}.Release|Any CPU.Build.0 = Release|Any CPU
		{9DA1F62C-57A7-4C22-BB0F-ABA8BAB96292}.Debug|Any CPU.ActiveCfg = Debug|Any CPU
		{9DA1F62C-57A7-4C22-BB0F-ABA8BAB96292}.Debug|Any CPU.Build.0 = Debug|Any CPU
		{9DA1F62C-57A7-4C22-BB0F-ABA8BAB96292}.Release|Any CPU.ActiveCfg = Release|Any CPU
		{9DA1F62C-57A7-4C22-BB0F-ABA8BAB96292}.Release|Any CPU.Build.0 = Release|Any CPU
		{3C7F1AD9-50E7-4B3E-AC98-E7D349D8AB7F}.Debug|Any CPU.ActiveCfg = Debug|Any CPU
		{3C7F1AD9-50E7-4B3E-AC98-E7D349D8AB7F}.Debug|Any CPU.Build.0 = Debug|Any CPU
		{3C7F1AD9-50E7-4B3E-AC98-E7D349D8AB7F}.Release|Any CPU.ActiveCfg = Release|Any CPU
		{3C7F1AD9-50E7-4B3E-AC98-E7D349D8AB7F}.Release|Any CPU.Build.0 = Release|Any CPU
		{4290084A-6113-4C1E-BFB6-2E0BE2FB7539}.Debug|Any CPU.ActiveCfg = Debug|Any CPU
		{4290084A-6113-4C1E-BFB6-2E0BE2FB7539}.Debug|Any CPU.Build.0 = Debug|Any CPU
		{4290084A-6113-4C1E-BFB6-2E0BE2FB7539}.Release|Any CPU.ActiveCfg = Release|Any CPU
		{4290084A-6113-4C1E-BFB6-2E0BE2FB7539}.Release|Any CPU.Build.0 = Release|Any CPU
		{913682A5-DE7E-4F2A-8517-EB3B16DAF9D9}.Debug|Any CPU.ActiveCfg = Debug|Any CPU
		{913682A5-DE7E-4F2A-8517-EB3B16DAF9D9}.Debug|Any CPU.Build.0 = Debug|Any CPU
		{913682A5-DE7E-4F2A-8517-EB3B16DAF9D9}.Release|Any CPU.ActiveCfg = Release|Any CPU
		{913682A5-DE7E-4F2A-8517-EB3B16DAF9D9}.Release|Any CPU.Build.0 = Release|Any CPU
		{1F097DC7-80E7-4D35-8E99-BCFA2B7DE169}.Debug|Any CPU.ActiveCfg = Debug|Any CPU
		{1F097DC7-80E7-4D35-8E99-BCFA2B7DE169}.Debug|Any CPU.Build.0 = Debug|Any CPU
		{1F097DC7-80E7-4D35-8E99-BCFA2B7DE169}.Release|Any CPU.ActiveCfg = Release|Any CPU
		{1F097DC7-80E7-4D35-8E99-BCFA2B7DE169}.Release|Any CPU.Build.0 = Release|Any CPU
	EndGlobalSection
	GlobalSection(SolutionProperties) = preSolution
		HideSolutionNode = FALSE
	EndGlobalSection
	GlobalSection(NestedProjects) = preSolution
		{C4365453-F8CD-4B60-A180-CC32BD36E08A} = {B6F59683-5519-468E-8D8D-A961B56ADF8F}
		{219D5C9B-B224-407D-874A-AB878F1BD9A3} = {B6F59683-5519-468E-8D8D-A961B56ADF8F}
		{F75F5D96-6C87-4666-85E5-F2AB1763895D} = {B6F59683-5519-468E-8D8D-A961B56ADF8F}
		{FA5DA268-A934-4250-BEF2-3BE9812B54F6} = {B6F59683-5519-468E-8D8D-A961B56ADF8F}
		{73379C44-B659-411D-A6E3-D8A5853AADDD} = {C4365453-F8CD-4B60-A180-CC32BD36E08A}
		{040F9BCB-D518-4E96-B06F-3FF90A5CF5E3} = {C4365453-F8CD-4B60-A180-CC32BD36E08A}
		{E8542439-3242-4901-880F-C2E991434126} = {C4365453-F8CD-4B60-A180-CC32BD36E08A}
		{D09B3C4C-CA8E-4DCC-8949-C6CE816B7D6A} = {219D5C9B-B224-407D-874A-AB878F1BD9A3}
		{893F7994-396A-4E5B-A0AF-AF42D488E223} = {F75F5D96-6C87-4666-85E5-F2AB1763895D}
		{AD7BFE95-9F1D-4724-B6D7-16F43ADAADAA} = {73379C44-B659-411D-A6E3-D8A5853AADDD}
		{8864860F-9F1E-4144-99A8-4745D54387E0} = {73379C44-B659-411D-A6E3-D8A5853AADDD}
		{DFD8ADC6-B78D-4274-9532-03170ADDEE58} = {040F9BCB-D518-4E96-B06F-3FF90A5CF5E3}
		{9DA1F62C-57A7-4C22-BB0F-ABA8BAB96292} = {E8542439-3242-4901-880F-C2E991434126}
		{3C7F1AD9-50E7-4B3E-AC98-E7D349D8AB7F} = {FA5DA268-A934-4250-BEF2-3BE9812B54F6}
		{4290084A-6113-4C1E-BFB6-2E0BE2FB7539} = {FA5DA268-A934-4250-BEF2-3BE9812B54F6}
		{913682A5-DE7E-4F2A-8517-EB3B16DAF9D9} = {FA5DA268-A934-4250-BEF2-3BE9812B54F6}
		{1F097DC7-80E7-4D35-8E99-BCFA2B7DE169} = {D09B3C4C-CA8E-4DCC-8949-C6CE816B7D6A}
	EndGlobalSection
	GlobalSection(ExtensibilityGlobals) = postSolution
		SolutionGuid = {6AF6322D-EC2F-47C8-9B0C-6BDC84033D2C}
	EndGlobalSection
EndGlobal
